{
  "name": "projeto-programacao-com-frameworks-web",
  "version": "1.0.0",
  "lockfileVersion": 3,
  "requires": true,
  "packages": {
    "": {
      "name": "projeto-programacao-com-frameworks-web",
      "version": "1.0.0",
      "dependencies": {
        "projeto-programacao-com-frameworks-web": "file:"
      }
    },
    "node_modules/projeto-programacao-com-frameworks-web": {
      "resolved": "",
      "link": true
    }
  }
}
